
Microsoft Visual Studio Solution File, Format Version 12.00
# Visual Studio 2012
Project("{FAE04EC0-301F-11D3-BF4B-00C04F79EFBC}") = "UniversityCodeFirst", "UniversityCodeFirst\UniversityCodeFirst.csproj", "{346E21D4-C1AA-41FD-9775-095E1B4A9579}"
EndProject
Project("{FAE04EC0-301F-11D3-BF4B-00C04F79EFBC}") = "UniversityCodeFirstTests", "UniversityCodeFirstTests\UniversityCodeFirstTests.csproj", "{7102670A-0155-41EF-8C2B-4DDC6BB0E29B}"
EndProject
Global
	GlobalSection(SolutionConfigurationPlatforms) = preSolution
		Debug|Any CPU = Debug|Any CPU
		Release|Any CPU = Release|Any CPU
	EndGlobalSection
	GlobalSection(ProjectConfigurationPlatforms) = postSolution
		{346E21D4-C1AA-41FD-9775-095E1B4A9579}.Debug|Any CPU.ActiveCfg = Debug|Any CPU
		{346E21D4-C1AA-41FD-9775-095E1B4A9579}.Debug|Any CPU.Build.0 = Debug|Any CPU
		{346E21D4-C1AA-41FD-9775-095E1B4A9579}.Release|Any CPU.ActiveCfg = Release|Any CPU
		{346E21D4-C1AA-41FD-9775-095E1B4A9579}.Release|Any CPU.Build.0 = Release|Any CPU
		{7102670A-0155-41EF-8C2B-4DDC6BB0E29B}.Debug|Any CPU.ActiveCfg = Debug|Any CPU
		{7102670A-0155-41EF-8C2B-4DDC6BB0E29B}.Debug|Any CPU.Build.0 = Debug|Any CPU
		{7102670A-0155-41EF-8C2B-4DDC6BB0E29B}.Release|Any CPU.ActiveCfg = Release|Any CPU
		{7102670A-0155-41EF-8C2B-4DDC6BB0E29B}.Release|Any CPU.Build.0 = Release|Any CPU
	EndGlobalSection
	GlobalSection(SolutionProperties) = preSolution
		HideSolutionNode = FALSE
	EndGlobalSection
	GlobalSection(ExtensibilityGlobals) = postSolution
		EnterpriseLibraryConfigurationToolBinariesPath = packages\Unity.2.1.505.2\lib\NET35;packages\Unity.Interception.2.1.505.2\lib\NET35
	EndGlobalSection
EndGlobal
