
Microsoft Visual Studio Solution File, Format Version 12.00
# Visual Studio 2012
Project("{8BC9CEB8-8B4A-11D0-8D11-00A0C91BC942}") = "Task1B (Expression)", "Task1B\Task1B.vcxproj", "{04422C8D-6DC5-41CA-9503-1FF5CA0F3101}"
EndProject
Project("{2150E333-8FDC-42A3-9474-1A3956D46DE8}") = "Training 1", "Training 1", "{C0640ECC-4B8C-4B9B-B9C9-C9BAB1AF2344}"
EndProject
Project("{8BC9CEB8-8B4A-11D0-8D11-00A0C91BC942}") = "Task1A (Primes)", "Task1A\Task1A.vcxproj", "{156FD73C-1F2E-4BD8-A358-9141EF369FBD}"
EndProject
Project("{8BC9CEB8-8B4A-11D0-8D11-00A0C91BC942}") = "Task1C (IncSeq)", "Task1C\Task1C.vcxproj", "{26BC5E05-A710-465F-AC06-9EAB9BDA4C2A}"
EndProject
Project("{2150E333-8FDC-42A3-9474-1A3956D46DE8}") = "Training 2", "Training 2", "{137F0319-E961-48B1-B7F3-C8CD54708C38}"
EndProject
Project("{8BC9CEB8-8B4A-11D0-8D11-00A0C91BC942}") = "Task2A (Primes)", "Task2A\Task2A.vcxproj", "{1A15E302-FBE3-431F-8D18-F446962661A3}"
EndProject
Project("{8BC9CEB8-8B4A-11D0-8D11-00A0C91BC942}") = "Task2B (Permut)", "Task2B\Task2B (Permut).vcxproj", "{08A7B41C-2BC0-4A85-8DB3-84F548369367}"
EndProject
Project("{2150E333-8FDC-42A3-9474-1A3956D46DE8}") = "Training 3", "Training 3", "{0CF410CD-0062-4A79-984C-09BC1DDAA31A}"
EndProject
Project("{8BC9CEB8-8B4A-11D0-8D11-00A0C91BC942}") = "Task3A (Factors)", "Task3A\Task3A.vcxproj", "{30A6E1FE-7E55-4EB9-AC5D-4141D8702566}"
EndProject
Project("{8BC9CEB8-8B4A-11D0-8D11-00A0C91BC942}") = "Task3B (Permut)", "Task3B\Task3B.vcxproj", "{DF30A016-19D8-46F6-82F8-367AF729CC53}"
EndProject
Global
	GlobalSection(SolutionConfigurationPlatforms) = preSolution
		Debug|Win32 = Debug|Win32
		Release|Win32 = Release|Win32
	EndGlobalSection
	GlobalSection(ProjectConfigurationPlatforms) = postSolution
		{04422C8D-6DC5-41CA-9503-1FF5CA0F3101}.Debug|Win32.ActiveCfg = Debug|Win32
		{04422C8D-6DC5-41CA-9503-1FF5CA0F3101}.Debug|Win32.Build.0 = Debug|Win32
		{04422C8D-6DC5-41CA-9503-1FF5CA0F3101}.Release|Win32.ActiveCfg = Release|Win32
		{04422C8D-6DC5-41CA-9503-1FF5CA0F3101}.Release|Win32.Build.0 = Release|Win32
		{156FD73C-1F2E-4BD8-A358-9141EF369FBD}.Debug|Win32.ActiveCfg = Debug|Win32
		{156FD73C-1F2E-4BD8-A358-9141EF369FBD}.Debug|Win32.Build.0 = Debug|Win32
		{156FD73C-1F2E-4BD8-A358-9141EF369FBD}.Release|Win32.ActiveCfg = Release|Win32
		{156FD73C-1F2E-4BD8-A358-9141EF369FBD}.Release|Win32.Build.0 = Release|Win32
		{26BC5E05-A710-465F-AC06-9EAB9BDA4C2A}.Debug|Win32.ActiveCfg = Debug|Win32
		{26BC5E05-A710-465F-AC06-9EAB9BDA4C2A}.Debug|Win32.Build.0 = Debug|Win32
		{26BC5E05-A710-465F-AC06-9EAB9BDA4C2A}.Release|Win32.ActiveCfg = Release|Win32
		{26BC5E05-A710-465F-AC06-9EAB9BDA4C2A}.Release|Win32.Build.0 = Release|Win32
		{1A15E302-FBE3-431F-8D18-F446962661A3}.Debug|Win32.ActiveCfg = Debug|Win32
		{1A15E302-FBE3-431F-8D18-F446962661A3}.Debug|Win32.Build.0 = Debug|Win32
		{1A15E302-FBE3-431F-8D18-F446962661A3}.Release|Win32.ActiveCfg = Release|Win32
		{1A15E302-FBE3-431F-8D18-F446962661A3}.Release|Win32.Build.0 = Release|Win32
		{08A7B41C-2BC0-4A85-8DB3-84F548369367}.Debug|Win32.ActiveCfg = Debug|Win32
		{08A7B41C-2BC0-4A85-8DB3-84F548369367}.Debug|Win32.Build.0 = Debug|Win32
		{08A7B41C-2BC0-4A85-8DB3-84F548369367}.Release|Win32.ActiveCfg = Release|Win32
		{08A7B41C-2BC0-4A85-8DB3-84F548369367}.Release|Win32.Build.0 = Release|Win32
		{30A6E1FE-7E55-4EB9-AC5D-4141D8702566}.Debug|Win32.ActiveCfg = Debug|Win32
		{30A6E1FE-7E55-4EB9-AC5D-4141D8702566}.Debug|Win32.Build.0 = Debug|Win32
		{30A6E1FE-7E55-4EB9-AC5D-4141D8702566}.Release|Win32.ActiveCfg = Release|Win32
		{30A6E1FE-7E55-4EB9-AC5D-4141D8702566}.Release|Win32.Build.0 = Release|Win32
		{DF30A016-19D8-46F6-82F8-367AF729CC53}.Debug|Win32.ActiveCfg = Debug|Win32
		{DF30A016-19D8-46F6-82F8-367AF729CC53}.Debug|Win32.Build.0 = Debug|Win32
		{DF30A016-19D8-46F6-82F8-367AF729CC53}.Release|Win32.ActiveCfg = Release|Win32
		{DF30A016-19D8-46F6-82F8-367AF729CC53}.Release|Win32.Build.0 = Release|Win32
	EndGlobalSection
	GlobalSection(SolutionProperties) = preSolution
		HideSolutionNode = FALSE
	EndGlobalSection
	GlobalSection(NestedProjects) = preSolution
		{04422C8D-6DC5-41CA-9503-1FF5CA0F3101} = {C0640ECC-4B8C-4B9B-B9C9-C9BAB1AF2344}
		{156FD73C-1F2E-4BD8-A358-9141EF369FBD} = {C0640ECC-4B8C-4B9B-B9C9-C9BAB1AF2344}
		{26BC5E05-A710-465F-AC06-9EAB9BDA4C2A} = {C0640ECC-4B8C-4B9B-B9C9-C9BAB1AF2344}
		{1A15E302-FBE3-431F-8D18-F446962661A3} = {137F0319-E961-48B1-B7F3-C8CD54708C38}
		{08A7B41C-2BC0-4A85-8DB3-84F548369367} = {137F0319-E961-48B1-B7F3-C8CD54708C38}
		{30A6E1FE-7E55-4EB9-AC5D-4141D8702566} = {0CF410CD-0062-4A79-984C-09BC1DDAA31A}
		{DF30A016-19D8-46F6-82F8-367AF729CC53} = {0CF410CD-0062-4A79-984C-09BC1DDAA31A}
	EndGlobalSection
EndGlobal
