<?xml version="1.0" encoding="utf-8"?>
<Project ToolsVersion="4.0" xmlns="http://schemas.microsoft.com/developer/msbuild/2003">
  <ItemGroup>
    <Filter Include="Tps">
      <UniqueIdentifier>{14678ec8-96a6-49e3-9ec0-50801e5d966e}</UniqueIdentifier>
    </Filter>
    <Filter Include="Common">
      <UniqueIdentifier>{93995380-89BD-4b04-88EB-625FBE52EBFB}</UniqueIdentifier>
      <Extensions>h;hpp;hxx;hm;inl;inc;xsd</Extensions>
    </Filter>
  </ItemGroup>
  <ItemGroup>
    <ClInclude Include="bsctypespch.h">
      <Filter>Common</Filter>
    </ClInclude>
    <ClInclude Include="bscmatrix.h">
      <Filter>Common</Filter>
    </ClInclude>
    <ClInclude Include="bsctpsstorage.h">
      <Filter>Tps</Filter>
    </ClInclude>
  </ItemGroup>
  <ItemGroup>
    <None Include="bscmatrix.inl">
      <Filter>Common</Filter>
    </None>
    <None Include="bsctspstorage.inl">
      <Filter>Tps</Filter>
    </None>
  </ItemGroup>
  <ItemGroup>
    <ClCompile Include="test.cpp" />
  </ItemGroup>
</Project>